
Microsoft Visual Studio Solution File, Format Version 12.00
# Visual Studio Version 17
VisualStudioVersion = 17.14.36623.8
MinimumVisualStudioVersion = 10.0.40219.1
Project("{54A90642-561A-4BB1-A94E-469ADEE60C69}") = "Inmobiliaria_Frontend", "Inmobiliaria\Inmobiliaria_Frontend.esproj", "{B8DED357-99E7-BE9E-2DA9-B9C076D35FF3}"
EndProject
Project("{FAE04EC0-301F-11D3-BF4B-00C04F79EFBC}") = "Inmobiliaria_Backend", "Inmobiliaria_Backend\Inmobiliaria_Backend.csproj", "{04DB1590-C5C6-420D-A676-683414ACAA73}"
EndProject
Global
	GlobalSection(SolutionConfigurationPlatforms) = preSolution
		Debug|Any CPU = Debug|Any CPU
		Release|Any CPU = Release|Any CPU
	EndGlobalSection
	GlobalSection(ProjectConfigurationPlatforms) = postSolution
		{B8DED357-99E7-BE9E-2DA9-B9C076D35FF3}.Debug|Any CPU.ActiveCfg = Debug|Any CPU
		{B8DED357-99E7-BE9E-2DA9-B9C076D35FF3}.Debug|Any CPU.Build.0 = Debug|Any CPU
		{B8DED357-99E7-BE9E-2DA9-B9C076D35FF3}.Debug|Any CPU.Deploy.0 = Debug|Any CPU
		{B8DED357-99E7-BE9E-2DA9-B9C076D35FF3}.Release|Any CPU.ActiveCfg = Release|Any CPU
		{B8DED357-99E7-BE9E-2DA9-B9C076D35FF3}.Release|Any CPU.Build.0 = Release|Any CPU
		{B8DED357-99E7-BE9E-2DA9-B9C076D35FF3}.Release|Any CPU.Deploy.0 = Release|Any CPU
		{04DB1590-C5C6-420D-A676-683414ACAA73}.Debug|Any CPU.ActiveCfg = Debug|Any CPU
		{04DB1590-C5C6-420D-A676-683414ACAA73}.Debug|Any CPU.Build.0 = Debug|Any CPU
		{04DB1590-C5C6-420D-A676-683414ACAA73}.Release|Any CPU.ActiveCfg = Release|Any CPU
		{04DB1590-C5C6-420D-A676-683414ACAA73}.Release|Any CPU.Build.0 = Release|Any CPU
	EndGlobalSection
	GlobalSection(SolutionProperties) = preSolution
		HideSolutionNode = FALSE
	EndGlobalSection
	GlobalSection(ExtensibilityGlobals) = postSolution
		SolutionGuid = {0A8A513E-9CD4-4959-B85E-92D1F9E36DFB}
	EndGlobalSection
EndGlobal
